
Microsoft Visual Studio Solution File, Format Version 12.00
# Visual Studio Version 16
VisualStudioVersion = 16.0.30611.23
MinimumVisualStudioVersion = 10.0.40219.1
Project("{FAE04EC0-301F-11D3-BF4B-00C04F79EFBC}") = "builder_text", "builder_text\builder_text.csproj", "{246CEEC8-08CF-44AB-B7B5-35A32C6C3586}"
EndProject
Global
	GlobalSection(SolutionConfigurationPlatforms) = preSolution
		Debug|Any CPU = Debug|Any CPU
		Release|Any CPU = Release|Any CPU
	EndGlobalSection
	GlobalSection(ProjectConfigurationPlatforms) = postSolution
		{246CEEC8-08CF-44AB-B7B5-35A32C6C3586}.Debug|Any CPU.ActiveCfg = Debug|Any CPU
		{246CEEC8-08CF-44AB-B7B5-35A32C6C3586}.Debug|Any CPU.Build.0 = Debug|Any CPU
		{246CEEC8-08CF-44AB-B7B5-35A32C6C3586}.Release|Any CPU.ActiveCfg = Release|Any CPU
		{246CEEC8-08CF-44AB-B7B5-35A32C6C3586}.Release|Any CPU.Build.0 = Release|Any CPU
	EndGlobalSection
	GlobalSection(SolutionProperties) = preSolution
		HideSolutionNode = FALSE
	EndGlobalSection
	GlobalSection(ExtensibilityGlobals) = postSolution
		SolutionGuid = {0E450E54-8B58-4393-BCD6-2B549F1BAD51}
	EndGlobalSection
EndGlobal
