
Microsoft Visual Studio Solution File, Format Version 12.00
# Visual Studio 15
VisualStudioVersion = 15.0.28010.2050
MinimumVisualStudioVersion = 10.0.40219.1
Project("{FAE04EC0-301F-11D3-BF4B-00C04F79EFBC}") = "4", "4\4.csproj", "{AB2EFAE3-C6F8-4621-B1D4-C92BC3D45DA5}"
EndProject
Project("{FAE04EC0-301F-11D3-BF4B-00C04F79EFBC}") = "BankTests", "BankTests\BankTests.csproj", "{71C53912-3EAA-4B06-B499-45A8A63DF74D}"
EndProject
Global
	GlobalSection(SolutionConfigurationPlatforms) = preSolution
		Debug|Any CPU = Debug|Any CPU
		Release|Any CPU = Release|Any CPU
	EndGlobalSection
	GlobalSection(ProjectConfigurationPlatforms) = postSolution
		{AB2EFAE3-C6F8-4621-B1D4-C92BC3D45DA5}.Debug|Any CPU.ActiveCfg = Debug|Any CPU
		{AB2EFAE3-C6F8-4621-B1D4-C92BC3D45DA5}.Debug|Any CPU.Build.0 = Debug|Any CPU
		{AB2EFAE3-C6F8-4621-B1D4-C92BC3D45DA5}.Release|Any CPU.ActiveCfg = Release|Any CPU
		{AB2EFAE3-C6F8-4621-B1D4-C92BC3D45DA5}.Release|Any CPU.Build.0 = Release|Any CPU
		{71C53912-3EAA-4B06-B499-45A8A63DF74D}.Debug|Any CPU.ActiveCfg = Debug|Any CPU
		{71C53912-3EAA-4B06-B499-45A8A63DF74D}.Debug|Any CPU.Build.0 = Debug|Any CPU
		{71C53912-3EAA-4B06-B499-45A8A63DF74D}.Release|Any CPU.ActiveCfg = Release|Any CPU
		{71C53912-3EAA-4B06-B499-45A8A63DF74D}.Release|Any CPU.Build.0 = Release|Any CPU
	EndGlobalSection
	GlobalSection(SolutionProperties) = preSolution
		HideSolutionNode = FALSE
	EndGlobalSection
	GlobalSection(ExtensibilityGlobals) = postSolution
		SolutionGuid = {B4827D0F-8EB4-4A7A-B8D2-38DAA3EEE3D0}
	EndGlobalSection
EndGlobal
