
Microsoft Visual Studio Solution File, Format Version 12.00
# Visual Studio 15
VisualStudioVersion = 15.0.28010.2050
MinimumVisualStudioVersion = 10.0.40219.1
Project("{FAE04EC0-301F-11D3-BF4B-00C04F79EFBC}") = "prakticheskaya3", "prakticheskaya3\prakticheskaya3.csproj", "{2E0D2298-676F-4750-9020-3D7993647497}"
EndProject
Global
	GlobalSection(SolutionConfigurationPlatforms) = preSolution
		Debug|Any CPU = Debug|Any CPU
		Release|Any CPU = Release|Any CPU
	EndGlobalSection
	GlobalSection(ProjectConfigurationPlatforms) = postSolution
		{2E0D2298-676F-4750-9020-3D7993647497}.Debug|Any CPU.ActiveCfg = Debug|Any CPU
		{2E0D2298-676F-4750-9020-3D7993647497}.Debug|Any CPU.Build.0 = Debug|Any CPU
		{2E0D2298-676F-4750-9020-3D7993647497}.Release|Any CPU.ActiveCfg = Release|Any CPU
		{2E0D2298-676F-4750-9020-3D7993647497}.Release|Any CPU.Build.0 = Release|Any CPU
	EndGlobalSection
	GlobalSection(SolutionProperties) = preSolution
		HideSolutionNode = FALSE
	EndGlobalSection
	GlobalSection(ExtensibilityGlobals) = postSolution
		SolutionGuid = {BC9C6A08-BE84-44E0-B6A3-09DA263D54D1}
	EndGlobalSection
EndGlobal
