
Microsoft Visual Studio Solution File, Format Version 12.00
# Visual Studio Version 16
VisualStudioVersion = 16.0.30611.23
MinimumVisualStudioVersion = 10.0.40219.1
Project("{FAE04EC0-301F-11D3-BF4B-00C04F79EFBC}") = "factory_method_tetris", "factory_method_tetris\factory_method_tetris.csproj", "{073E402D-D7A4-449F-ACC8-A4EDBEA9D25E}"
EndProject
Global
	GlobalSection(SolutionConfigurationPlatforms) = preSolution
		Debug|Any CPU = Debug|Any CPU
		Release|Any CPU = Release|Any CPU
	EndGlobalSection
	GlobalSection(ProjectConfigurationPlatforms) = postSolution
		{073E402D-D7A4-449F-ACC8-A4EDBEA9D25E}.Debug|Any CPU.ActiveCfg = Debug|Any CPU
		{073E402D-D7A4-449F-ACC8-A4EDBEA9D25E}.Debug|Any CPU.Build.0 = Debug|Any CPU
		{073E402D-D7A4-449F-ACC8-A4EDBEA9D25E}.Release|Any CPU.ActiveCfg = Release|Any CPU
		{073E402D-D7A4-449F-ACC8-A4EDBEA9D25E}.Release|Any CPU.Build.0 = Release|Any CPU
	EndGlobalSection
	GlobalSection(SolutionProperties) = preSolution
		HideSolutionNode = FALSE
	EndGlobalSection
	GlobalSection(ExtensibilityGlobals) = postSolution
		SolutionGuid = {9F80061A-C595-47CA-A17F-06ACDDA5F6FD}
	EndGlobalSection
EndGlobal
